# This file is generated by running "yarn install" inside your project.
# Manual changes might be lost - proceed with caution!

__metadata:
  version: 6
  cacheKey: 8

"@web3-react/abstract-connector@npm:^6.0.7":
  version: 6.0.7
  resolution: "@web3-react/abstract-connector@npm:6.0.7"
  dependencies:
    "@web3-react/types": ^6.0.7
  checksum: fa8b0ea3586e248da84756979dd5c5f6ddc2d1657a1698de63a6d0e38035c4b122841bd0e6b00f1a6f1825614b22f6552a584cafec3470ca6fbc2e127ab30b2a
  languageName: node
  linkType: hard

"@web3-react/types@npm:^6.0.7":
  version: 6.0.7
  resolution: "@web3-react/types@npm:6.0.7"
  checksum: 29ae264ae4a126e520a64a4b466ea712ee09b934f3fe13b957e09269249ffc882712cf11fff12c1c19dd66e38503075b4adf5e9d5f588ea0dd31bbedf6fa9a42
  languageName: node
  linkType: hard

"okx-connector@workspace:.":
  version: 0.0.0-use.local
  resolution: "okx-connector@workspace:."
  dependencies:
    "@web3-react/abstract-connector": ^6.0.7
    "@web3-react/types": ^6.0.7
    tiny-warning: ^1.0.3
  languageName: unknown
  linkType: soft

"tiny-warning@npm:^1.0.3":
  version: 1.0.3
  resolution: "tiny-warning@npm:1.0.3"
  checksum: da62c4acac565902f0624b123eed6dd3509bc9a8d30c06e017104bedcf5d35810da8ff72864400ad19c5c7806fc0a8323c68baf3e326af7cb7d969f846100d71
  languageName: node
  linkType: hard
